
Microsoft Visual Studio Solution File, Format Version 12.00
# Visual Studio Version 16
VisualStudioVersion = 16.0.30011.22
MinimumVisualStudioVersion = 10.0.40219.1
Project("{E24C65DC-7377-472B-9ABA-BC803B73C61A}") = "http://localhost", "http://localhost", "{823F63E8-5E2A-4C5E-9552-0482A060EA27}"
	ProjectSection(WebsiteProperties) = preProject
		UseIISExpress = "false"
		TargetFrameworkMoniker = ".NETFramework,Version%3Dv4.5"
		Debug.AspNetCompiler.VirtualPath = "/PieGourmet"
		Debug.AspNetCompiler.PhysicalPath = "..\piegourmet\"
		Debug.AspNetCompiler.TargetPath = "PrecompiledWeb\PieGourmet\"
		Debug.AspNetCompiler.Updateable = "true"
		Debug.AspNetCompiler.ForceOverwrite = "true"
		Debug.AspNetCompiler.FixedNames = "false"
		Debug.AspNetCompiler.Debug = "True"
		Release.AspNetCompiler.VirtualPath = "/PieGourmet"
		Release.AspNetCompiler.PhysicalPath = "..\piegourmet\"
		Release.AspNetCompiler.TargetPath = "PrecompiledWeb\PieGourmet\"
		Release.AspNetCompiler.Updateable = "true"
		Release.AspNetCompiler.ForceOverwrite = "true"
		Release.AspNetCompiler.FixedNames = "false"
		Release.AspNetCompiler.Debug = "False"
		SlnRelativePath = "..\piegourmet\"
	EndProjectSection
EndProject
Global
	GlobalSection(SolutionConfigurationPlatforms) = preSolution
		Debug|Any CPU = Debug|Any CPU
	EndGlobalSection
	GlobalSection(ProjectConfigurationPlatforms) = postSolution
		{823F63E8-5E2A-4C5E-9552-0482A060EA27}.Debug|Any CPU.ActiveCfg = Debug|Any CPU
		{823F63E8-5E2A-4C5E-9552-0482A060EA27}.Debug|Any CPU.Build.0 = Debug|Any CPU
	EndGlobalSection
	GlobalSection(SolutionProperties) = preSolution
		HideSolutionNode = FALSE
	EndGlobalSection
	GlobalSection(ExtensibilityGlobals) = postSolution
		SolutionGuid = {0E52DCBB-DFA2-4F7E-8D03-DDCFDFA644D6}
		VisualSVNWorkingCopyRoot = .
	EndGlobalSection
EndGlobal
